
Microsoft Visual Studio Solution File, Format Version 12.00
# Visual Studio 15
Project("{FAE04EC0-301F-11D3-BF4B-00C04F79EFBC}") = "DotNetCoreTests", "DotNetCoreTests\DotNetCoreTests.csproj", "{4C0EE51D-0284-4A26-BCB7-5208B121490B}"
EndProject
Project("{FAE04EC0-301F-11D3-BF4B-00C04F79EFBC}") = "DotNetCoreTests.UnitTests", "DotNetCoreTests.UnitTests\DotNetCoreTests.UnitTests.csproj", "{C4066F21-CF69-4AF0-BC9E-6B940593F037}"
EndProject
Project("{FAE04EC0-301F-11D3-BF4B-00C04F79EFBC}") = "DotNetCoreTests.NunitTests", "DotNetCoreTests.NuitTests\DotNetCoreTests.NunitTests.csproj", "{394DC63F-7834-4F8F-8DD9-48E2CD4A2D0D}"
EndProject
Global
	GlobalSection(SolutionConfigurationPlatforms) = preSolution
		Debug|Any CPU = Debug|Any CPU
		Release|Any CPU = Release|Any CPU
	EndGlobalSection
	GlobalSection(ProjectConfigurationPlatforms) = postSolution
		{4C0EE51D-0284-4A26-BCB7-5208B121490B}.Debug|Any CPU.ActiveCfg = Debug|Any CPU
		{4C0EE51D-0284-4A26-BCB7-5208B121490B}.Debug|Any CPU.Build.0 = Debug|Any CPU
		{4C0EE51D-0284-4A26-BCB7-5208B121490B}.Release|Any CPU.ActiveCfg = Release|Any CPU
		{4C0EE51D-0284-4A26-BCB7-5208B121490B}.Release|Any CPU.Build.0 = Release|Any CPU
		{C4066F21-CF69-4AF0-BC9E-6B940593F037}.Debug|Any CPU.ActiveCfg = Debug|Any CPU
		{C4066F21-CF69-4AF0-BC9E-6B940593F037}.Debug|Any CPU.Build.0 = Debug|Any CPU
		{C4066F21-CF69-4AF0-BC9E-6B940593F037}.Release|Any CPU.ActiveCfg = Release|Any CPU
		{C4066F21-CF69-4AF0-BC9E-6B940593F037}.Release|Any CPU.Build.0 = Release|Any CPU
		{394DC63F-7834-4F8F-8DD9-48E2CD4A2D0D}.Debug|Any CPU.ActiveCfg = Debug|Any CPU
		{394DC63F-7834-4F8F-8DD9-48E2CD4A2D0D}.Debug|Any CPU.Build.0 = Debug|Any CPU
		{394DC63F-7834-4F8F-8DD9-48E2CD4A2D0D}.Release|Any CPU.ActiveCfg = Release|Any CPU
		{394DC63F-7834-4F8F-8DD9-48E2CD4A2D0D}.Release|Any CPU.Build.0 = Release|Any CPU
	EndGlobalSection
EndGlobal
